// !$*UTF8*$!
{
	archiveVersion = 1;
	classes = {
	};
	objectVersion = 46;
	objects = {

/* Begin PBXBuildFile section */
		08C8BEB9704E2026392CBE61 /* Pods.framework in Frameworks */ = {isa = PBXBuildFile; fileRef = DC6BF4460F0D10FC3B6EC63F /* Pods.framework */; };
		4512BCBC1CACC6890078AC03 /* main.m in Sources */ = {isa = PBXBuildFile; fileRef = 4512BCBB1CACC6890078AC03 /* main.m */; };
		4512BCBF1CACC6890078AC03 /* AppDelegate.m in Sources */ = {isa = PBXBuildFile; fileRef = 4512BCBE1CACC6890078AC03 /* AppDelegate.m */; };
		4512BCC21CACC6890078AC03 /* ViewController.m in Sources */ = {isa = PBXBuildFile; fileRef = 4512BCC11CACC6890078AC03 /* ViewController.m */; };
		4512BCC51CACC6890078AC03 /* Main.storyboard in Resources */ = {isa = PBXBuildFile; fileRef = 4512BCC31CACC6890078AC03 /* Main.storyboard */; };
		4512BCC71CACC6890078AC03 /* Assets.xcassets in Resources */ = {isa = PBXBuildFile; fileRef = 4512BCC61CACC6890078AC03 /* Assets.xcassets */; };
		4512BCCA1CACC6890078AC03 /* LaunchScreen.storyboard in Resources */ = {isa = PBXBuildFile; fileRef = 4512BCC81CACC6890078AC03 /* LaunchScreen.storyboard */; };
		4512BCD51CACC6890078AC03 /* reactiveCocoaDemoTests.m in Sources */ = {isa = PBXBuildFile; fileRef = 4512BCD41CACC6890078AC03 /* reactiveCocoaDemoTests.m */; };
		4512BCE01CACC6890078AC03 /* reactiveCocoaDemoUITests.m in Sources */ = {isa = PBXBuildFile; fileRef = 4512BCDF1CACC6890078AC03 /* reactiveCocoaDemoUITests.m */; };
		452E366B1CB351ED00E86E56 /* RWDummySignInService.m in Sources */ = {isa = PBXBuildFile; fileRef = 452E366A1CB351ED00E86E56 /* RWDummySignInService.m */; };
/* End PBXBuildFile section */

/* Begin PBXContainerItemProxy section */
		4512BCD11CACC6890078AC03 /* PBXContainerItemProxy */ = {
			isa = PBXContainerItemProxy;
			containerPortal = 4512BCAF1CACC6890078AC03 /* Project object */;
			proxyType = 1;
			remoteGlobalIDString = 4512BCB61CACC6890078AC03;
			remoteInfo = reactiveCocoaDemo;
		};
		4512BCDC1CACC6890078AC03 /* PBXContainerItemProxy */ = {
			isa = PBXContainerItemProxy;
			containerPortal = 4512BCAF1CACC6890078AC03 /* Project object */;
			proxyType = 1;
			remoteGlobalIDString = 4512BCB61CACC6890078AC03;
			remoteInfo = reactiveCocoaDemo;
		};
/* End PBXContainerItemProxy section */

/* Begin PBXFileReference section */
		4512BCB71CACC6890078AC03 /* reactiveCocoaDemo.app */ = {isa = PBXFileReference; explicitFileType = wrapper.application; includeInIndex = 0; path = reactiveCocoaDemo.app; sourceTree = BUILT_PRODUCTS_DIR; };
		4512BCBB1CACC6890078AC03 /* main.m */ = {isa = PBXFileReference; lastKnownFileType = sourcecode.c.objc; path = main.m; sourceTree = "<group>"; };
		4512BCBD1CACC6890078AC03 /* AppDelegate.h */ = {isa = PBXFileReference; lastKnownFileType = sourcecode.c.h; path = AppDelegate.h; sourceTree = "<group>"; };
		4512BCBE1CACC6890078AC03 /* AppDelegate.m */ = {isa = PBXFileReference; lastKnownFileType = sourcecode.c.objc; path = AppDelegate.m; sourceTree = "<group>"; };
		4512BCC01CACC6890078AC03 /* ViewController.h */ = {isa = PBXFileReference; lastKnownFileType = sourcecode.c.h; path = ViewController.h; sourceTree = "<group>"; };
		4512BCC11CACC6890078AC03 /* ViewController.m */ = {isa = PBXFileReference; lastKnownFileType = sourcecode.c.objc; path = ViewController.m; sourceTree = "<group>"; };
		4512BCC41CACC6890078AC03 /* Base */ = {isa = PBXFileReference; lastKnownFileType = file.storyboard; name = Base; path = Base.lproj/Main.storyboard; sourceTree = "<group>"; };
		4512BCC61CACC6890078AC03 /* Assets.xcassets */ = {isa = PBXFileReference; lastKnownFileType = folder.assetcatalog; path = Assets.xcassets; sourceTree = "<group>"; };
		4512BCC91CACC6890078AC03 /* Base */ = {isa = PBXFileReference; lastKnownFileType = file.storyboard; name = Base; path = Base.lproj/LaunchScreen.storyboard; sourceTree = "<group>"; };
		4512BCCB1CACC6890078AC03 /* Info.plist */ = {isa = PBXFileReference; lastKnownFileType = text.plist.xml; path = Info.plist; sourceTree = "<group>"; };
		4512BCD01CACC6890078AC03 /* reactiveCocoaDemoTests.xctest */ = {isa = PBXFileReference; explicitFileType = wrapper.cfbundle; includeInIndex = 0; path = reactiveCocoaDemoTests.xctest; sourceTree = BUILT_PRODUCTS_DIR; };
		4512BCD41CACC6890078AC03 /* reactiveCocoaDemoTests.m */ = {isa = PBXFileReference; lastKnownFileType = sourcecode.c.objc; path = reactiveCocoaDemoTests.m; sourceTree = "<group>"; };
		4512BCD61CACC6890078AC03 /* Info.plist */ = {isa = PBXFileReference; lastKnownFileType = text.plist.xml; path = Info.plist; sourceTree = "<group>"; };
		4512BCDB1CACC6890078AC03 /* reactiveCocoaDemoUITests.xctest */ = {isa = PBXFileReference; explicitFileType = wrapper.cfbundle; includeInIndex = 0; path = reactiveCocoaDemoUITests.xctest; sourceTree = BUILT_PRODUCTS_DIR; };
		4512BCDF1CACC6890078AC03 /* reactiveCocoaDemoUITests.m */ = {isa = PBXFileReference; lastKnownFileType = sourcecode.c.objc; path = reactiveCocoaDemoUITests.m; sourceTree = "<group>"; };
		4512BCE11CACC6890078AC03 /* Info.plist */ = {isa = PBXFileReference; lastKnownFileType = text.plist.xml; path = Info.plist; sourceTree = "<group>"; };
		452E36691CB351ED00E86E56 /* RWDummySignInService.h */ = {isa = PBXFileReference; fileEncoding = 4; lastKnownFileType = sourcecode.c.h; path = RWDummySignInService.h; sourceTree = "<group>"; };
		452E366A1CB351ED00E86E56 /* RWDummySignInService.m */ = {isa = PBXFileReference; fileEncoding = 4; lastKnownFileType = sourcecode.c.objc; path = RWDummySignInService.m; sourceTree = "<group>"; };
		815B7A55C8B84BB0F8610976 /* Pods.debug.xcconfig */ = {isa = PBXFileReference; includeInIndex = 1; lastKnownFileType = text.xcconfig; name = Pods.debug.xcconfig; path = "Pods/Target Support Files/Pods/Pods.debug.xcconfig"; sourceTree = "<group>"; };
		8723AAD3D1945D5D860AF449 /* Pods.release.xcconfig */ = {isa = PBXFileReference; includeInIndex = 1; lastKnownFileType = text.xcconfig; name = Pods.release.xcconfig; path = "Pods/Target Support Files/Pods/Pods.release.xcconfig"; sourceTree = "<group>"; };
		DC6BF4460F0D10FC3B6EC63F /* Pods.framework */ = {isa = PBXFileReference; explicitFileType = wrapper.framework; includeInIndex = 0; path = Pods.framework; sourceTree = BUILT_PRODUCTS_DIR; };
/* End PBXFileReference section */

/* Begin PBXFrameworksBuildPhase section */
		4512BCB41CACC6890078AC03 /* Frameworks */ = {
			isa = PBXFrameworksBuildPhase;
			buildActionMask = 2147483647;
			files = (
				08C8BEB9704E2026392CBE61 /* Pods.framework in Frameworks */,
			);
			runOnlyForDeploymentPostprocessing = 0;
		};
		4512BCCD1CACC6890078AC03 /* Frameworks */ = {
			isa = PBXFrameworksBuildPhase;
			buildActionMask = 2147483647;
			files = (
			);
			runOnlyForDeploymentPostprocessing = 0;
		};
		4512BCD81CACC6890078AC03 /* Frameworks */ = {
			isa = PBXFrameworksBuildPhase;
			buildActionMask = 2147483647;
			files = (
			);
			runOnlyForDeploymentPostprocessing = 0;
		};
/* End PBXFrameworksBuildPhase section */

/* Begin PBXGroup section */
		4512BCAE1CACC6890078AC03 = {
			isa = PBXGroup;
			children = (
				4512BCB91CACC6890078AC03 /* reactiveCocoaDemo */,
				4512BCD31CACC6890078AC03 /* reactiveCocoaDemoTests */,
				4512BCDE1CACC6890078AC03 /* reactiveCocoaDemoUITests */,
				4512BCB81CACC6890078AC03 /* Products */,
				C2E58B1E012718F9C4A60A24 /* Pods */,
				853DD6629A1E983FEB32D9EE /* Frameworks */,
			);
			sourceTree = "<group>";
		};
		4512BCB81CACC6890078AC03 /* Products */ = {
			isa = PBXGroup;
			children = (
				4512BCB71CACC6890078AC03 /* reactiveCocoaDemo.app */,
				4512BCD01CACC6890078AC03 /* reactiveCocoaDemoTests.xctest */,
				4512BCDB1CACC6890078AC03 /* reactiveCocoaDemoUITests.xctest */,
			);
			name = Products;
			sourceTree = "<group>";
		};
		4512BCB91CACC6890078AC03 /* reactiveCocoaDemo */ = {
			isa = PBXGroup;
			children = (
				4512BCBD1CACC6890078AC03 /* AppDelegate.h */,
				4512BCBE1CACC6890078AC03 /* AppDelegate.m */,
				4512BCC01CACC6890078AC03 /* ViewController.h */,
				4512BCC11CACC6890078AC03 /* ViewController.m */,
				452E36691CB351ED00E86E56 /* RWDummySignInService.h */,
				452E366A1CB351ED00E86E56 /* RWDummySignInService.m */,
				4512BCC31CACC6890078AC03 /* Main.storyboard */,
				4512BCBA1CACC6890078AC03 /* Supporting Files */,
			);
			path = reactiveCocoaDemo;
			sourceTree = "<group>";
		};
		4512BCBA1CACC6890078AC03 /* Supporting Files */ = {
			isa = PBXGroup;
			children = (
				4512BCC61CACC6890078AC03 /* Assets.xcassets */,
				4512BCC81CACC6890078AC03 /* LaunchScreen.storyboard */,
				4512BCCB1CACC6890078AC03 /* Info.plist */,
				4512BCBB1CACC6890078AC03 /* main.m */,
			);
			name = "Supporting Files";
			sourceTree = "<group>";
		};
		4512BCD31CACC6890078AC03 /* reactiveCocoaDemoTests */ = {
			isa = PBXGroup;
			children = (
				4512BCD41CACC6890078AC03 /* reactiveCocoaDemoTests.m */,
				4512BCD61CACC6890078AC03 /* Info.plist */,
			);
			path = reactiveCocoaDemoTests;
			sourceTree = "<group>";
		};
		4512BCDE1CACC6890078AC03 /* reactiveCocoaDemoUITests */ = {
			isa = PBXGroup;
			children = (
				4512BCDF1CACC6890078AC03 /* reactiveCocoaDemoUITests.m */,
				4512BCE11CACC6890078AC03 /* Info.plist */,
			);
			path = reactiveCocoaDemoUITests;
			sourceTree = "<group>";
		};
		853DD6629A1E983FEB32D9EE /* Frameworks */ = {
			isa = PBXGroup;
			children = (
				DC6BF4460F0D10FC3B6EC63F /* Pods.framework */,
			);
			name = Frameworks;
			sourceTree = "<group>";
		};
		C2E58B1E012718F9C4A60A24 /* Pods */ = {
			isa = PBXGroup;
			children = (
				815B7A55C8B84BB0F8610976 /* Pods.debug.xcconfig */,
				8723AAD3D1945D5D860AF449 /* Pods.release.xcconfig */,
			);
			name = Pods;
			sourceTree = "<group>";
		};
/* End PBXGroup section */

/* Begin PBXNativeTarget section */
		4512BCB61CACC6890078AC03 /* reactiveCocoaDemo */ = {
			isa = PBXNativeTarget;
			buildConfigurationList = 4512BCE41CACC6890078AC03 /* Build configuration list for PBXNativeTarget "reactiveCocoaDemo" */;
			buildPhases = (
				5EB7EE86793884297BF544CF /* Check Pods Manifest.lock */,
				4512BCB31CACC6890078AC03 /* Sources */,
				4512BCB41CACC6890078AC03 /* Frameworks */,
				4512BCB51CACC6890078AC03 /* Resources */,
				33090ED909FB420B0E7E94D6 /* Embed Pods Frameworks */,
				F3C8CC1F281C126717E5F953 /* Copy Pods Resources */,
			);
			buildRules = (
			);
			dependencies = (
			);
			name = reactiveCocoaDemo;
			productName = reactiveCocoaDemo;
			productReference = 4512BCB71CACC6890078AC03 /* reactiveCocoaDemo.app */;
			productType = "com.apple.product-type.application";
		};
		4512BCCF1CACC6890078AC03 /* reactiveCocoaDemoTests */ = {
			isa = PBXNativeTarget;
			buildConfigurationList = 4512BCE71CACC6890078AC03 /* Build configuration list for PBXNativeTarget "reactiveCocoaDemoTests" */;
			buildPhases = (
				4512BCCC1CACC6890078AC03 /* Sources */,
				4512BCCD1CACC6890078AC03 /* Frameworks */,
				4512BCCE1CACC6890078AC03 /* Resources */,
			);
			buildRules = (
			);
			dependencies = (
				4512BCD21CACC6890078AC03 /* PBXTargetDependency */,
			);
			name = reactiveCocoaDemoTests;
			productName = reactiveCocoaDemoTests;
			productReference = 4512BCD01CACC6890078AC03 /* reactiveCocoaDemoTests.xctest */;
			productType = "com.apple.product-type.bundle.unit-test";
		};
		4512BCDA1CACC6890078AC03 /* reactiveCocoaDemoUITests */ = {
			isa = PBXNativeTarget;
			buildConfigurationList = 4512BCEA1CACC6890078AC03 /* Build configuration list for PBXNativeTarget "reactiveCocoaDemoUITests" */;
			buildPhases = (
				4512BCD71CACC6890078AC03 /* Sources */,
				4512BCD81CACC6890078AC03 /* Frameworks */,
				4512BCD91CACC6890078AC03 /* Resources */,
			);
			buildRules = (
			);
			dependencies = (
				4512BCDD1CACC6890078AC03 /* PBXTargetDependency */,
			);
			name = reactiveCocoaDemoUITests;
			productName = reactiveCocoaDemoUITests;
			productReference = 4512BCDB1CACC6890078AC03 /* reactiveCocoaDemoUITests.xctest */;
			productType = "com.apple.product-type.bundle.ui-testing";
		};
/* End PBXNativeTarget section */

/* Begin PBXProject section */
		4512BCAF1CACC6890078AC03 /* Project object */ = {
			isa = PBXProject;
			attributes = {
				LastUpgradeCheck = 0730;
				ORGANIZATIONNAME = "艾泽鑫";
				TargetAttributes = {
					4512BCB61CACC6890078AC03 = {
						CreatedOnToolsVersion = 7.3;
					};
					4512BCCF1CACC6890078AC03 = {
						CreatedOnToolsVersion = 7.3;
						TestTargetID = 4512BCB61CACC6890078AC03;
					};
					4512BCDA1CACC6890078AC03 = {
						CreatedOnToolsVersion = 7.3;
						TestTargetID = 4512BCB61CACC6890078AC03;
					};
				};
			};
			buildConfigurationList = 4512BCB21CACC6890078AC03 /* Build configuration list for PBXProject "reactiveCocoaDemo" */;
			compatibilityVersion = "Xcode 3.2";
			developmentRegion = English;
			hasScannedForEncodings = 0;
			knownRegions = (
				en,
				Base,
			);
			mainGroup = 4512BCAE1CACC6890078AC03;
			productRefGroup = 4512BCB81CACC6890078AC03 /* Products */;
			projectDirPath = "";
			projectRoot = "";
			targets = (
				4512BCB61CACC6890078AC03 /* reactiveCocoaDemo */,
				4512BCCF1CACC6890078AC03 /* reactiveCocoaDemoTests */,
				4512BCDA1CACC6890078AC03 /* reactiveCocoaDemoUITests */,
			);
		};
/* End PBXProject section */

/* Begin PBXResourcesBuildPhase section */
		4512BCB51CACC6890078AC03 /* Resources */ = {
			isa = PBXResourcesBuildPhase;
			buildActionMask = 2147483647;
			files = (
				4512BCCA1CACC6890078AC03 /* LaunchScreen.storyboard in Resources */,
				4512BCC71CACC6890078AC03 /* Assets.xcassets in Resources */,
				4512BCC51CACC6890078AC03 /* Main.storyboard in Resources */,
			);
			runOnlyForDeploymentPostprocessing = 0;
		};
		4512BCCE1CACC6890078AC03 /* Resources */ = {
			isa = PBXResourcesBuildPhase;
			buildActionMask = 2147483647;
			files = (
			);
			runOnlyForDeploymentPostprocessing = 0;
		};
		4512BCD91CACC6890078AC03 /* Resources */ = {
			isa = PBXResourcesBuildPhase;
			buildActionMask = 2147483647;
			files = (
			);
			runOnlyForDeploymentPostprocessing = 0;
		};
/* End PBXResourcesBuildPhase section */

/* Begin PBXShellScriptBuildPhase section */
		33090ED909FB420B0E7E94D6 /* Embed Pods Frameworks */ = {
			isa = PBXShellScriptBuildPhase;
			buildActionMask = 2147483647;
			files = (
			);
			inputPaths = (
			);
			name = "Embed Pods Frameworks";
			outputPaths = (
			);
			runOnlyForDeploymentPostprocessing = 0;
			shellPath = /bin/sh;
			shellScript = "\"${SRCROOT}/Pods/Target Support Files/Pods/Pods-frameworks.sh\"\n";
			showEnvVarsInLog = 0;
		};
		5EB7EE86793884297BF544CF /* Check Pods Manifest.lock */ = {
			isa = PBXShellScriptBuildPhase;
			buildActionMask = 2147483647;
			files = (
			);
			inputPaths = (
			);
			name = "Check Pods Manifest.lock";
			outputPaths = (
			);
			runOnlyForDeploymentPostprocessing = 0;
			shellPath = /bin/sh;
			shellScript = "diff \"${PODS_ROOT}/../Podfile.lock\" \"${PODS_ROOT}/Manifest.lock\" > /dev/null\nif [[ $? != 0 ]] ; then\n    cat << EOM\nerror: The sandbox is not in sync with the Podfile.lock. Run 'pod install' or update your CocoaPods installation.\nEOM\n    exit 1\nfi\n";
			showEnvVarsInLog = 0;
		};
		F3C8CC1F281C126717E5F953 /* Copy Pods Resources */ = {
			isa = PBXShellScriptBuildPhase;
			buildActionMask = 2147483647;
			files = (
			);
			inputPaths = (
			);
			name = "Copy Pods Resources";
			outputPaths = (
			);
			runOnlyForDeploymentPostprocessing = 0;
			shellPath = /bin/sh;
			shellScript = "\"${SRCROOT}/Pods/Target Support Files/Pods/Pods-resources.sh\"\n";
			showEnvVarsInLog = 0;
		};
/* End PBXShellScriptBuildPhase section */

/* Begin PBXSourcesBuildPhase section */
		4512BCB31CACC6890078AC03 /* Sources */ = {
			isa = PBXSourcesBuildPhase;
			buildActionMask = 2147483647;
			files = (
				4512BCC21CACC6890078AC03 /* ViewController.m in Sources */,
				4512BCBF1CACC6890078AC03 /* AppDelegate.m in Sources */,
				4512BCBC1CACC6890078AC03 /* main.m in Sources */,
				452E366B1CB351ED00E86E56 /* RWDummySignInService.m in Sources */,
			);
			runOnlyForDeploymentPostprocessing = 0;
		};
		4512BCCC1CACC6890078AC03 /* Sources */ = {
			isa = PBXSourcesBuildPhase;
			buildActionMask = 2147483647;
			files = (
				4512BCD51CACC6890078AC03 /* reactiveCocoaDemoTests.m in Sources */,
			);
			runOnlyForDeploymentPostprocessing = 0;
		};
		4512BCD71CACC6890078AC03 /* Sources */ = {
			isa = PBXSourcesBuildPhase;
			buildActionMask = 2147483647;
			files = (
				4512BCE01CACC6890078AC03 /* reactiveCocoaDemoUITests.m in Sources */,
			);
			runOnlyForDeploymentPostprocessing = 0;
		};
/* End PBXSourcesBuildPhase section */

/* Begin PBXTargetDependency section */
		4512BCD21CACC6890078AC03 /* PBXTargetDependency */ = {
			isa = PBXTargetDependency;
			target = 4512BCB61CACC6890078AC03 /* reactiveCocoaDemo */;
			targetProxy = 4512BCD11CACC6890078AC03 /* PBXContainerItemProxy */;
		};
		4512BCDD1CACC6890078AC03 /* PBXTargetDependency */ = {
			isa = PBXTargetDependency;
			target = 4512BCB61CACC6890078AC03 /* reactiveCocoaDemo */;
			targetProxy = 4512BCDC1CACC6890078AC03 /* PBXContainerItemProxy */;
		};
/* End PBXTargetDependency section */

/* Begin PBXVariantGroup section */
		4512BCC31CACC6890078AC03 /* Main.storyboard */ = {
			isa = PBXVariantGroup;
			children = (
				4512BCC41CACC6890078AC03 /* Base */,
			);
			name = Main.storyboard;
			sourceTree = "<group>";
		};
		4512BCC81CACC6890078AC03 /* LaunchScreen.storyboard */ = {
			isa = PBXVariantGroup;
			children = (
				4512BCC91CACC6890078AC03 /* Base */,
			);
			name = LaunchScreen.storyboard;
			sourceTree = "<group>";
		};
/* End PBXVariantGroup section */

/* Begin XCBuildConfiguration section */
		4512BCE21CACC6890078AC03 /* Debug */ = {
			isa = XCBuildConfiguration;
			buildSettings = {
				ALWAYS_SEARCH_USER_PATHS = NO;
				CLANG_ANALYZER_NONNULL = YES;
				CLANG_CXX_LANGUAGE_STANDARD = "gnu++0x";
				CLANG_CXX_LIBRARY = "libc++";
				CLANG_ENABLE_MODULES = YES;
				CLANG_ENABLE_OBJC_ARC = YES;
				CLANG_WARN_BOOL_CONVERSION = YES;
				CLANG_WARN_CONSTANT_CONVERSION = YES;
				CLANG_WARN_DIRECT_OBJC_ISA_USAGE = YES_ERROR;
				CLANG_WARN_EMPTY_BODY = YES;
				CLANG_WARN_ENUM_CONVERSION = YES;
				CLANG_WARN_INT_CONVERSION = YES;
				CLANG_WARN_OBJC_ROOT_CLASS = YES_ERROR;
				CLANG_WARN_UNREACHABLE_CODE = YES;
				CLANG_WARN__DUPLICATE_METHOD_MATCH = YES;
				"CODE_SIGN_IDENTITY[sdk=iphoneos*]" = "iPhone Developer";
				COPY_PHASE_STRIP = NO;
				DEBUG_INFORMATION_FORMAT = dwarf;
				ENABLE_STRICT_OBJC_MSGSEND = YES;
				ENABLE_TESTABILITY = YES;
				GCC_C_LANGUAGE_STANDARD = gnu99;
				GCC_DYNAMIC_NO_PIC = NO;
				GCC_NO_COMMON_BLOCKS = YES;
				GCC_OPTIMIZATION_LEVEL = 0;
				GCC_PREPROCESSOR_DEFINITIONS = (
					"DEBUG=1",
					"$(inherited)",
				);
				GCC_WARN_64_TO_32_BIT_CONVERSION = YES;
				GCC_WARN_ABOUT_RETURN_TYPE = YES_ERROR;
				GCC_WARN_UNDECLARED_SELECTOR = YES;
				GCC_WARN_UNINITIALIZED_AUTOS = YES_AGGRESSIVE;
				GCC_WARN_UNUSED_FUNCTION = YES;
				GCC_WARN_UNUSED_VARIABLE = YES;
				IPHONEOS_DEPLOYMENT_TARGET = 9.3;
				MTL_ENABLE_DEBUG_INFO = YES;
				ONLY_ACTIVE_ARCH = YES;
				SDKROOT = iphoneos;
			};
			name = Debug;
		};
		4512BCE31CACC6890078AC03 /* Release */ = {
			isa = XCBuildConfiguration;
			buildSettings = {
				ALWAYS_SEARCH_USER_PATHS = NO;
				CLANG_ANALYZER_NONNULL = YES;
				CLANG_CXX_LANGUAGE_STANDARD = "gnu++0x";
				CLANG_CXX_LIBRARY = "libc++";
				CLANG_ENABLE_MODULES = YES;
				CLANG_ENABLE_OBJC_ARC = YES;
				CLANG_WARN_BOOL_CONVERSION = YES;
				CLANG_WARN_CONSTANT_CONVERSION = YES;
				CLANG_WARN_DIRECT_OBJC_ISA_USAGE = YES_ERROR;
				CLANG_WARN_EMPTY_BODY = YES;
				CLANG_WARN_ENUM_CONVERSION = YES;
				CLANG_WARN_INT_CONVERSION = YES;
				CLANG_WARN_OBJC_ROOT_CLASS = YES_ERROR;
				CLANG_WARN_UNREACHABLE_CODE = YES;
				CLANG_WARN__DUPLICATE_METHOD_MATCH = YES;
				"CODE_SIGN_IDENTITY[sdk=iphoneos*]" = "iPhone Developer";
				COPY_PHASE_STRIP = NO;
				DEBUG_INFORMATION_FORMAT = "dwarf-with-dsym";
				ENABLE_NS_ASSERTIONS = NO;
				ENABLE_STRICT_OBJC_MSGSEND = YES;
				GCC_C_LANGUAGE_STANDARD = gnu99;
				GCC_NO_COMMON_BLOCKS = YES;
				GCC_WARN_64_TO_32_BIT_CONVERSION = YES;
				GCC_WARN_ABOUT_RETURN_TYPE = YES_ERROR;
				GCC_WARN_UNDECLARED_SELECTOR = YES;
				GCC_WARN_UNINITIALIZED_AUTOS = YES_AGGRESSIVE;
				GCC_WARN_UNUSED_FUNCTION = YES;
				GCC_WARN_UNUSED_VARIABLE = YES;
				IPHONEOS_DEPLOYMENT_TARGET = 9.3;
				MTL_ENABLE_DEBUG_INFO = NO;
				SDKROOT = iphoneos;
				VALIDATE_PRODUCT = YES;
			};
			name = Release;
		};
		4512BCE51CACC6890078AC03 /* Debug */ = {
			isa = XCBuildConfiguration;
			baseConfigurationReference = 815B7A55C8B84BB0F8610976 /* Pods.debug.xcconfig */;
			buildSettings = {
				ASSETCATALOG_COMPILER_APPICON_NAME = AppIcon;
				INFOPLIST_FILE = reactiveCocoaDemo/Info.plist;
				IPHONEOS_DEPLOYMENT_TARGET = 8.0;
				LD_RUNPATH_SEARCH_PATHS = "$(inherited) @executable_path/Frameworks";
				PRODUCT_BUNDLE_IDENTIFIER = AZX.reactiveCocoaDemo;
				PRODUCT_NAME = "$(TARGET_NAME)";
			};
			name = Debug;
		};
		4512BCE61CACC6890078AC03 /* Release */ = {
			isa = XCBuildConfiguration;
			baseConfigurationReference = 8723AAD3D1945D5D860AF449 /* Pods.release.xcconfig */;
			buildSettings = {
				ASSETCATALOG_COMPILER_APPICON_NAME = AppIcon;
				INFOPLIST_FILE = reactiveCocoaDemo/Info.plist;
				IPHONEOS_DEPLOYMENT_TARGET = 8.0;
				LD_RUNPATH_SEARCH_PATHS = "$(inherited) @executable_path/Frameworks";
				PRODUCT_BUNDLE_IDENTIFIER = AZX.reactiveCocoaDemo;
				PRODUCT_NAME = "$(TARGET_NAME)";
			};
			name = Release;
		};
		4512BCE81CACC6890078AC03 /* Debug */ = {
			isa = XCBuildConfiguration;
			buildSettings = {
				BUNDLE_LOADER = "$(TEST_HOST)";
				INFOPLIST_FILE = reactiveCocoaDemoTests/Info.plist;
				LD_RUNPATH_SEARCH_PATHS = "$(inherited) @executable_path/Frameworks @loader_path/Frameworks";
				PRODUCT_BUNDLE_IDENTIFIER = AZX.reactiveCocoaDemoTests;
				PRODUCT_NAME = "$(TARGET_NAME)";
				TEST_HOST = "$(BUILT_PRODUCTS_DIR)/reactiveCocoaDemo.app/reactiveCocoaDemo";
			};
			name = Debug;
		};
		4512BCE91CACC6890078AC03 /* Release */ = {
			isa = XCBuildConfiguration;
			buildSettings = {
				BUNDLE_LOADER = "$(TEST_HOST)";
				INFOPLIST_FILE = reactiveCocoaDemoTests/Info.plist;
				LD_RUNPATH_SEARCH_PATHS = "$(inherited) @executable_path/Frameworks @loader_path/Frameworks";
				PRODUCT_BUNDLE_IDENTIFIER = AZX.reactiveCocoaDemoTests;
				PRODUCT_NAME = "$(TARGET_NAME)";
				TEST_HOST = "$(BUILT_PRODUCTS_DIR)/reactiveCocoaDemo.app/reactiveCocoaDemo";
			};
			name = Release;
		};
		4512BCEB1CACC6890078AC03 /* Debug */ = {
			isa = XCBuildConfiguration;
			buildSettings = {
				INFOPLIST_FILE = reactiveCocoaDemoUITests/Info.plist;
				LD_RUNPATH_SEARCH_PATHS = "$(inherited) @executable_path/Frameworks @loader_path/Frameworks";
				PRODUCT_BUNDLE_IDENTIFIER = AZX.reactiveCocoaDemoUITests;
				PRODUCT_NAME = "$(TARGET_NAME)";
				TEST_TARGET_NAME = reactiveCocoaDemo;
			};
			name = Debug;
		};
		4512BCEC1CACC6890078AC03 /* Release */ = {
			isa = XCBuildConfiguration;
			buildSettings = {
				INFOPLIST_FILE = reactiveCocoaDemoUITests/Info.plist;
				LD_RUNPATH_SEARCH_PATHS = "$(inherited) @executable_path/Frameworks @loader_path/Frameworks";
				PRODUCT_BUNDLE_IDENTIFIER = AZX.reactiveCocoaDemoUITests;
				PRODUCT_NAME = "$(TARGET_NAME)";
				TEST_TARGET_NAME = reactiveCocoaDemo;
			};
			name = Release;
		};
/* End XCBuildConfiguration section */

/* Begin XCConfigurationList section */
		4512BCB21CACC6890078AC03 /* Build configuration list for PBXProject "reactiveCocoaDemo" */ = {
			isa = XCConfigurationList;
			buildConfigurations = (
				4512BCE21CACC6890078AC03 /* Debug */,
				4512BCE31CACC6890078AC03 /* Release */,
			);
			defaultConfigurationIsVisible = 0;
			defaultConfigurationName = Release;
		};
		4512BCE41CACC6890078AC03 /* Build configuration list for PBXNativeTarget "reactiveCocoaDemo" */ = {
			isa = XCConfigurationList;
			buildConfigurations = (
				4512BCE51CACC6890078AC03 /* Debug */,
				4512BCE61CACC6890078AC03 /* Release */,
			);
			defaultConfigurationIsVisible = 0;
			defaultConfigurationName = Release;
		};
		4512BCE71CACC6890078AC03 /* Build configuration list for PBXNativeTarget "reactiveCocoaDemoTests" */ = {
			isa = XCConfigurationList;
			buildConfigurations = (
				4512BCE81CACC6890078AC03 /* Debug */,
				4512BCE91CACC6890078AC03 /* Release */,
			);
			defaultConfigurationIsVisible = 0;
			defaultConfigurationName = Release;
		};
		4512BCEA1CACC6890078AC03 /* Build configuration list for PBXNativeTarget "reactiveCocoaDemoUITests" */ = {
			isa = XCConfigurationList;
			buildConfigurations = (
				4512BCEB1CACC6890078AC03 /* Debug */,
				4512BCEC1CACC6890078AC03 /* Release */,
			);
			defaultConfigurationIsVisible = 0;
			defaultConfigurationName = Release;
		};
/* End XCConfigurationList section */
	};
	rootObject = 4512BCAF1CACC6890078AC03 /* Project object */;
}
